// !$*UTF8*$!
{
	archiveVersion = 1;
	classes = {
	};
	objectVersion = 55;
	objects = {

/* Begin PBXBuildFile section */
		2B7D7584272D199C0085760C /* CollectionViewState.swift in Sources */ = {isa = PBXBuildFile; fileRef = 2B7D7583272D199C0085760C /* CollectionViewState.swift */; };
		2B88F412272E2BF3003067C9 /* MainViewDataFormatter.swift in Sources */ = {isa = PBXBuildFile; fileRef = 2B88F411272E2BF3003067C9 /* MainViewDataFormatter.swift */; };
		2B88F418272EEF89003067C9 /* SegmentHelper.swift in Sources */ = {isa = PBXBuildFile; fileRef = 2B88F417272EEF89003067C9 /* SegmentHelper.swift */; };
		2BCDFB4E272784AB009F5709 /* AppDelegate.swift in Sources */ = {isa = PBXBuildFile; fileRef = 2BCDFB4D272784AB009F5709 /* AppDelegate.swift */; };
		2BCDFB50272784AB009F5709 /* SceneDelegate.swift in Sources */ = {isa = PBXBuildFile; fileRef = 2BCDFB4F272784AB009F5709 /* SceneDelegate.swift */; };
		2BCDFB52272784AB009F5709 /* ViewController.swift in Sources */ = {isa = PBXBuildFile; fileRef = 2BCDFB51272784AB009F5709 /* ViewController.swift */; };
		2BCDFB57272784AF009F5709 /* Assets.xcassets in Resources */ = {isa = PBXBuildFile; fileRef = 2BCDFB56272784AF009F5709 /* Assets.xcassets */; };
		2BCDFB5A272784AF009F5709 /* LaunchScreen.storyboard in Resources */ = {isa = PBXBuildFile; fileRef = 2BCDFB58272784AF009F5709 /* LaunchScreen.storyboard */; };
		2BCDFB65272784AF009F5709 /* HepsiBurada_CaseStudyTests.swift in Sources */ = {isa = PBXBuildFile; fileRef = 2BCDFB64272784AF009F5709 /* HepsiBurada_CaseStudyTests.swift */; };
		2BCDFB6F272784AF009F5709 /* HepsiBurada_CaseStudyUITests.swift in Sources */ = {isa = PBXBuildFile; fileRef = 2BCDFB6E272784AF009F5709 /* HepsiBurada_CaseStudyUITests.swift */; };
		2BCDFB71272784AF009F5709 /* HepsiBurada_CaseStudyUITestsLaunchTests.swift in Sources */ = {isa = PBXBuildFile; fileRef = 2BCDFB70272784AF009F5709 /* HepsiBurada_CaseStudyUITestsLaunchTests.swift */; };
		2BCDFB8227279138009F5709 /* DefaultNetworkOperationPackage in Frameworks */ = {isa = PBXBuildFile; productRef = 2BCDFB8127279138009F5709 /* DefaultNetworkOperationPackage */; };
		2BCDFB85272791F9009F5709 /* EndpointHelper.swift in Sources */ = {isa = PBXBuildFile; fileRef = 2BCDFB84272791F9009F5709 /* EndpointHelper.swift */; };
		2BCDFB8F2727923A009F5709 /* GenericRowType.swift in Sources */ = {isa = PBXBuildFile; fileRef = 2BCDFB872727923A009F5709 /* GenericRowType.swift */; };
		2BCDFB902727923A009F5709 /* GenericValueProtocol.swift in Sources */ = {isa = PBXBuildFile; fileRef = 2BCDFB882727923A009F5709 /* GenericValueProtocol.swift */; };
		2BCDFB912727923A009F5709 /* BaseViewController.swift in Sources */ = {isa = PBXBuildFile; fileRef = 2BCDFB892727923A009F5709 /* BaseViewController.swift */; };
		2BCDFB922727923A009F5709 /* BaseTableViewCell.swift in Sources */ = {isa = PBXBuildFile; fileRef = 2BCDFB8A2727923A009F5709 /* BaseTableViewCell.swift */; };
		2BCDFB932727923A009F5709 /* BaseViewModel.swift in Sources */ = {isa = PBXBuildFile; fileRef = 2BCDFB8B2727923A009F5709 /* BaseViewModel.swift */; };
		2BCDFB942727923A009F5709 /* GenericDataProtocol.swift in Sources */ = {isa = PBXBuildFile; fileRef = 2BCDFB8C2727923A009F5709 /* GenericDataProtocol.swift */; };
		2BCDFB952727923A009F5709 /* GenericBaseView.swift in Sources */ = {isa = PBXBuildFile; fileRef = 2BCDFB8D2727923A009F5709 /* GenericBaseView.swift */; };
		2BCDFB962727923A009F5709 /* BaseView.swift in Sources */ = {isa = PBXBuildFile; fileRef = 2BCDFB8E2727923A009F5709 /* BaseView.swift */; };
		2BCDFB9B27279E94009F5709 /* MainViewController.swift in Sources */ = {isa = PBXBuildFile; fileRef = 2BCDFB9827279E94009F5709 /* MainViewController.swift */; };
		2BCDFB9C27279E94009F5709 /* MainViewModel.swift in Sources */ = {isa = PBXBuildFile; fileRef = 2BCDFB9927279E94009F5709 /* MainViewModel.swift */; };
		2BCDFB9D27279E94009F5709 /* MainViewBuilder.swift in Sources */ = {isa = PBXBuildFile; fileRef = 2BCDFB9A27279E94009F5709 /* MainViewBuilder.swift */; };
		2BCDFBA22727A584009F5709 /* FontManager.swift in Sources */ = {isa = PBXBuildFile; fileRef = 2BCDFBA12727A584009F5709 /* FontManager.swift */; };
		2BCDFBA927283D0D009F5709 /* ItemCollectionView.swift in Sources */ = {isa = PBXBuildFile; fileRef = 2BCDFBA827283D0D009F5709 /* ItemCollectionView.swift */; };
		2BCDFBAB27283D34009F5709 /* ItemCollectionViewData.swift in Sources */ = {isa = PBXBuildFile; fileRef = 2BCDFBAA27283D34009F5709 /* ItemCollectionViewData.swift */; };
		2BCDFBF8272A4659009F5709 /* BaseRequest.swift in Sources */ = {isa = PBXBuildFile; fileRef = 2BCDFBF7272A4659009F5709 /* BaseRequest.swift */; };
		2BCDFBFB272A5944009F5709 /* SearchCellDetailController.swift in Sources */ = {isa = PBXBuildFile; fileRef = 2BCDFBFA272A5944009F5709 /* SearchCellDetailController.swift */; };
		2BCDFBFD272A5F16009F5709 /* ItemCollectionProtocol.swift in Sources */ = {isa = PBXBuildFile; fileRef = 2BCDFBFC272A5F16009F5709 /* ItemCollectionProtocol.swift */; };
		2BCDFBFF272B6587009F5709 /* SearchDataResponse.swift in Sources */ = {isa = PBXBuildFile; fileRef = 2BCDFBFE272B6587009F5709 /* SearchDataResponse.swift */; };
		2BCDFC05272B81B0009F5709 /* ServiceRequestModel.swift in Sources */ = {isa = PBXBuildFile; fileRef = 2BCDFC04272B81B0009F5709 /* ServiceRequestModel.swift */; };
		2BCDFC0A272B9554009F5709 /* ErrorMessage.swift in Sources */ = {isa = PBXBuildFile; fileRef = 2BCDFC09272B9554009F5709 /* ErrorMessage.swift */; };
		2BCDFC0E272BA33C009F5709 /* ServiceProvider.swift in Sources */ = {isa = PBXBuildFile; fileRef = 2BCDFC0D272BA33C009F5709 /* ServiceProvider.swift */; };
		2BCDFC10272BAADF009F5709 /* SearchRequest.swift in Sources */ = {isa = PBXBuildFile; fileRef = 2BCDFC0F272BAADF009F5709 /* SearchRequest.swift */; };
		2BCDFC13272C438A009F5709 /* SearcViewCell.swift in Sources */ = {isa = PBXBuildFile; fileRef = 2BCDFC12272C438A009F5709 /* SearcViewCell.swift */; };
		2BCDFC2A272C8190009F5709 /* UILayoutHelpers+Extensions.swift in Sources */ = {isa = PBXBuildFile; fileRef = 2BCDFC29272C8190009F5709 /* UILayoutHelpers+Extensions.swift */; };
/* End PBXBuildFile section */

/* Begin PBXContainerItemProxy section */
		2BCDFB61272784AF009F5709 /* PBXContainerItemProxy */ = {
			isa = PBXContainerItemProxy;
			containerPortal = 2BCDFB42272784AB009F5709 /* Project object */;
			proxyType = 1;
			remoteGlobalIDString = 2BCDFB49272784AB009F5709;
			remoteInfo = HepsiBurada_CaseStudy;
		};
		2BCDFB6B272784AF009F5709 /* PBXContainerItemProxy */ = {
			isa = PBXContainerItemProxy;
			containerPortal = 2BCDFB42272784AB009F5709 /* Project object */;
			proxyType = 1;
			remoteGlobalIDString = 2BCDFB49272784AB009F5709;
			remoteInfo = HepsiBurada_CaseStudy;
		};
/* End PBXContainerItemProxy section */

/* Begin PBXFileReference section */
		2B7D7583272D199C0085760C /* CollectionViewState.swift */ = {isa = PBXFileReference; lastKnownFileType = sourcecode.swift; path = CollectionViewState.swift; sourceTree = "<group>"; };
		2B88F411272E2BF3003067C9 /* MainViewDataFormatter.swift */ = {isa = PBXFileReference; lastKnownFileType = sourcecode.swift; path = MainViewDataFormatter.swift; sourceTree = "<group>"; };
		2B88F417272EEF89003067C9 /* SegmentHelper.swift */ = {isa = PBXFileReference; lastKnownFileType = sourcecode.swift; path = SegmentHelper.swift; sourceTree = "<group>"; };
		2BCDFB4A272784AB009F5709 /* HepsiBurada_CaseStudy.app */ = {isa = PBXFileReference; explicitFileType = wrapper.application; includeInIndex = 0; path = HepsiBurada_CaseStudy.app; sourceTree = BUILT_PRODUCTS_DIR; };
		2BCDFB4D272784AB009F5709 /* AppDelegate.swift */ = {isa = PBXFileReference; lastKnownFileType = sourcecode.swift; path = AppDelegate.swift; sourceTree = "<group>"; };
		2BCDFB4F272784AB009F5709 /* SceneDelegate.swift */ = {isa = PBXFileReference; lastKnownFileType = sourcecode.swift; path = SceneDelegate.swift; sourceTree = "<group>"; };
		2BCDFB51272784AB009F5709 /* ViewController.swift */ = {isa = PBXFileReference; lastKnownFileType = sourcecode.swift; path = ViewController.swift; sourceTree = "<group>"; };
		2BCDFB56272784AF009F5709 /* Assets.xcassets */ = {isa = PBXFileReference; lastKnownFileType = folder.assetcatalog; path = Assets.xcassets; sourceTree = "<group>"; };
		2BCDFB59272784AF009F5709 /* Base */ = {isa = PBXFileReference; lastKnownFileType = file.storyboard; name = Base; path = Base.lproj/LaunchScreen.storyboard; sourceTree = "<group>"; };
		2BCDFB5B272784AF009F5709 /* Info.plist */ = {isa = PBXFileReference; lastKnownFileType = text.plist.xml; path = Info.plist; sourceTree = "<group>"; };
		2BCDFB60272784AF009F5709 /* HepsiBurada_CaseStudyTests.xctest */ = {isa = PBXFileReference; explicitFileType = wrapper.cfbundle; includeInIndex = 0; path = HepsiBurada_CaseStudyTests.xctest; sourceTree = BUILT_PRODUCTS_DIR; };
		2BCDFB64272784AF009F5709 /* HepsiBurada_CaseStudyTests.swift */ = {isa = PBXFileReference; lastKnownFileType = sourcecode.swift; path = HepsiBurada_CaseStudyTests.swift; sourceTree = "<group>"; };
		2BCDFB6A272784AF009F5709 /* HepsiBurada_CaseStudyUITests.xctest */ = {isa = PBXFileReference; explicitFileType = wrapper.cfbundle; includeInIndex = 0; path = HepsiBurada_CaseStudyUITests.xctest; sourceTree = BUILT_PRODUCTS_DIR; };
		2BCDFB6E272784AF009F5709 /* HepsiBurada_CaseStudyUITests.swift */ = {isa = PBXFileReference; lastKnownFileType = sourcecode.swift; path = HepsiBurada_CaseStudyUITests.swift; sourceTree = "<group>"; };
		2BCDFB70272784AF009F5709 /* HepsiBurada_CaseStudyUITestsLaunchTests.swift */ = {isa = PBXFileReference; lastKnownFileType = sourcecode.swift; path = HepsiBurada_CaseStudyUITestsLaunchTests.swift; sourceTree = "<group>"; };
		2BCDFB84272791F9009F5709 /* EndpointHelper.swift */ = {isa = PBXFileReference; fileEncoding = 4; lastKnownFileType = sourcecode.swift; path = EndpointHelper.swift; sourceTree = "<group>"; };
		2BCDFB872727923A009F5709 /* GenericRowType.swift */ = {isa = PBXFileReference; fileEncoding = 4; lastKnownFileType = sourcecode.swift; path = GenericRowType.swift; sourceTree = "<group>"; };
		2BCDFB882727923A009F5709 /* GenericValueProtocol.swift */ = {isa = PBXFileReference; fileEncoding = 4; lastKnownFileType = sourcecode.swift; path = GenericValueProtocol.swift; sourceTree = "<group>"; };
		2BCDFB892727923A009F5709 /* BaseViewController.swift */ = {isa = PBXFileReference; fileEncoding = 4; lastKnownFileType = sourcecode.swift; path = BaseViewController.swift; sourceTree = "<group>"; };
		2BCDFB8A2727923A009F5709 /* BaseTableViewCell.swift */ = {isa = PBXFileReference; fileEncoding = 4; lastKnownFileType = sourcecode.swift; path = BaseTableViewCell.swift; sourceTree = "<group>"; };
		2BCDFB8B2727923A009F5709 /* BaseViewModel.swift */ = {isa = PBXFileReference; fileEncoding = 4; lastKnownFileType = sourcecode.swift; path = BaseViewModel.swift; sourceTree = "<group>"; };
		2BCDFB8C2727923A009F5709 /* GenericDataProtocol.swift */ = {isa = PBXFileReference; fileEncoding = 4; lastKnownFileType = sourcecode.swift; path = GenericDataProtocol.swift; sourceTree = "<group>"; };
		2BCDFB8D2727923A009F5709 /* GenericBaseView.swift */ = {isa = PBXFileReference; fileEncoding = 4; lastKnownFileType = sourcecode.swift; path = GenericBaseView.swift; sourceTree = "<group>"; };
		2BCDFB8E2727923A009F5709 /* BaseView.swift */ = {isa = PBXFileReference; fileEncoding = 4; lastKnownFileType = sourcecode.swift; path = BaseView.swift; sourceTree = "<group>"; };
		2BCDFB9827279E94009F5709 /* MainViewController.swift */ = {isa = PBXFileReference; fileEncoding = 4; lastKnownFileType = sourcecode.swift; path = MainViewController.swift; sourceTree = "<group>"; };
		2BCDFB9927279E94009F5709 /* MainViewModel.swift */ = {isa = PBXFileReference; fileEncoding = 4; lastKnownFileType = sourcecode.swift; path = MainViewModel.swift; sourceTree = "<group>"; };
		2BCDFB9A27279E94009F5709 /* MainViewBuilder.swift */ = {isa = PBXFileReference; fileEncoding = 4; lastKnownFileType = sourcecode.swift; path = MainViewBuilder.swift; sourceTree = "<group>"; };
		2BCDFBA12727A584009F5709 /* FontManager.swift */ = {isa = PBXFileReference; lastKnownFileType = sourcecode.swift; path = FontManager.swift; sourceTree = "<group>"; };
		2BCDFBA827283D0D009F5709 /* ItemCollectionView.swift */ = {isa = PBXFileReference; lastKnownFileType = sourcecode.swift; path = ItemCollectionView.swift; sourceTree = "<group>"; };
		2BCDFBAA27283D34009F5709 /* ItemCollectionViewData.swift */ = {isa = PBXFileReference; lastKnownFileType = sourcecode.swift; path = ItemCollectionViewData.swift; sourceTree = "<group>"; };
		2BCDFBF7272A4659009F5709 /* BaseRequest.swift */ = {isa = PBXFileReference; lastKnownFileType = sourcecode.swift; path = BaseRequest.swift; sourceTree = "<group>"; };
		2BCDFBFA272A5944009F5709 /* SearchCellDetailController.swift */ = {isa = PBXFileReference; lastKnownFileType = sourcecode.swift; path = SearchCellDetailController.swift; sourceTree = "<group>"; };
		2BCDFBFC272A5F16009F5709 /* ItemCollectionProtocol.swift */ = {isa = PBXFileReference; lastKnownFileType = sourcecode.swift; path = ItemCollectionProtocol.swift; sourceTree = "<group>"; };
		2BCDFBFE272B6587009F5709 /* SearchDataResponse.swift */ = {isa = PBXFileReference; lastKnownFileType = sourcecode.swift; path = SearchDataResponse.swift; sourceTree = "<group>"; };
		2BCDFC04272B81B0009F5709 /* ServiceRequestModel.swift */ = {isa = PBXFileReference; lastKnownFileType = sourcecode.swift; path = ServiceRequestModel.swift; sourceTree = "<group>"; };
		2BCDFC09272B9554009F5709 /* ErrorMessage.swift */ = {isa = PBXFileReference; lastKnownFileType = sourcecode.swift; path = ErrorMessage.swift; sourceTree = "<group>"; };
		2BCDFC0D272BA33C009F5709 /* ServiceProvider.swift */ = {isa = PBXFileReference; lastKnownFileType = sourcecode.swift; path = ServiceProvider.swift; sourceTree = "<group>"; };
		2BCDFC0F272BAADF009F5709 /* SearchRequest.swift */ = {isa = PBXFileReference; lastKnownFileType = sourcecode.swift; path = SearchRequest.swift; sourceTree = "<group>"; };
		2BCDFC12272C438A009F5709 /* SearcViewCell.swift */ = {isa = PBXFileReference; lastKnownFileType = sourcecode.swift; path = SearcViewCell.swift; sourceTree = "<group>"; };
		2BCDFC29272C8190009F5709 /* UILayoutHelpers+Extensions.swift */ = {isa = PBXFileReference; fileEncoding = 4; lastKnownFileType = sourcecode.swift; path = "UILayoutHelpers+Extensions.swift"; sourceTree = "<group>"; };
/* End PBXFileReference section */

/* Begin PBXFrameworksBuildPhase section */
		2BCDFB47272784AB009F5709 /* Frameworks */ = {
			isa = PBXFrameworksBuildPhase;
			buildActionMask = 2147483647;
			files = (
				2BCDFB8227279138009F5709 /* DefaultNetworkOperationPackage in Frameworks */,
			);
			runOnlyForDeploymentPostprocessing = 0;
		};
		2BCDFB5D272784AF009F5709 /* Frameworks */ = {
			isa = PBXFrameworksBuildPhase;
			buildActionMask = 2147483647;
			files = (
			);
			runOnlyForDeploymentPostprocessing = 0;
		};
		2BCDFB67272784AF009F5709 /* Frameworks */ = {
			isa = PBXFrameworksBuildPhase;
			buildActionMask = 2147483647;
			files = (
			);
			runOnlyForDeploymentPostprocessing = 0;
		};
/* End PBXFrameworksBuildPhase section */

/* Begin PBXGroup section */
		2BCDFB41272784AB009F5709 = {
			isa = PBXGroup;
			children = (
				2BCDFB4C272784AB009F5709 /* HepsiBurada_CaseStudy */,
				2BCDFB63272784AF009F5709 /* HepsiBurada_CaseStudyTests */,
				2BCDFB6D272784AF009F5709 /* HepsiBurada_CaseStudyUITests */,
				2BCDFB4B272784AB009F5709 /* Products */,
			);
			sourceTree = "<group>";
		};
		2BCDFB4B272784AB009F5709 /* Products */ = {
			isa = PBXGroup;
			children = (
				2BCDFB4A272784AB009F5709 /* HepsiBurada_CaseStudy.app */,
				2BCDFB60272784AF009F5709 /* HepsiBurada_CaseStudyTests.xctest */,
				2BCDFB6A272784AF009F5709 /* HepsiBurada_CaseStudyUITests.xctest */,
			);
			name = Products;
			sourceTree = "<group>";
		};
		2BCDFB4C272784AB009F5709 /* HepsiBurada_CaseStudy */ = {
			isa = PBXGroup;
			children = (
				2BCDFBF6272A463B009F5709 /* Service */,
				2BCDFBA627283CE9009F5709 /* Components */,
				2BCDFBA327283928009F5709 /* Model */,
				2BCDFB9F2727A54F009F5709 /* Utilities */,
				2BCDFB9E27279EA3009F5709 /* Scenes */,
				2BCDFB862727923A009F5709 /* BaseComponents */,
				2BCDFB83272791F9009F5709 /* NetworkModules */,
				2BCDFB4D272784AB009F5709 /* AppDelegate.swift */,
				2BCDFB4F272784AB009F5709 /* SceneDelegate.swift */,
				2BCDFB51272784AB009F5709 /* ViewController.swift */,
				2BCDFB56272784AF009F5709 /* Assets.xcassets */,
				2BCDFB58272784AF009F5709 /* LaunchScreen.storyboard */,
				2BCDFB5B272784AF009F5709 /* Info.plist */,
			);
			path = HepsiBurada_CaseStudy;
			sourceTree = "<group>";
		};
		2BCDFB63272784AF009F5709 /* HepsiBurada_CaseStudyTests */ = {
			isa = PBXGroup;
			children = (
				2BCDFB64272784AF009F5709 /* HepsiBurada_CaseStudyTests.swift */,
			);
			path = HepsiBurada_CaseStudyTests;
			sourceTree = "<group>";
		};
		2BCDFB6D272784AF009F5709 /* HepsiBurada_CaseStudyUITests */ = {
			isa = PBXGroup;
			children = (
				2BCDFB6E272784AF009F5709 /* HepsiBurada_CaseStudyUITests.swift */,
				2BCDFB70272784AF009F5709 /* HepsiBurada_CaseStudyUITestsLaunchTests.swift */,
			);
			path = HepsiBurada_CaseStudyUITests;
			sourceTree = "<group>";
		};
		2BCDFB83272791F9009F5709 /* NetworkModules */ = {
			isa = PBXGroup;
			children = (
				2BCDFB84272791F9009F5709 /* EndpointHelper.swift */,
				2BCDFC04272B81B0009F5709 /* ServiceRequestModel.swift */,
				2BCDFC0F272BAADF009F5709 /* SearchRequest.swift */,
				2B88F417272EEF89003067C9 /* SegmentHelper.swift */,
			);
			path = NetworkModules;
			sourceTree = "<group>";
		};
		2BCDFB862727923A009F5709 /* BaseComponents */ = {
			isa = PBXGroup;
			children = (
				2BCDFB872727923A009F5709 /* GenericRowType.swift */,
				2BCDFB882727923A009F5709 /* GenericValueProtocol.swift */,
				2BCDFB892727923A009F5709 /* BaseViewController.swift */,
				2BCDFB8A2727923A009F5709 /* BaseTableViewCell.swift */,
				2BCDFB8B2727923A009F5709 /* BaseViewModel.swift */,
				2BCDFB8C2727923A009F5709 /* GenericDataProtocol.swift */,
				2BCDFB8D2727923A009F5709 /* GenericBaseView.swift */,
				2BCDFB8E2727923A009F5709 /* BaseView.swift */,
			);
			path = BaseComponents;
			sourceTree = "<group>";
		};
		2BCDFB9727279E94009F5709 /* Main */ = {
			isa = PBXGroup;
			children = (
				2BCDFB9827279E94009F5709 /* MainViewController.swift */,
				2BCDFB9927279E94009F5709 /* MainViewModel.swift */,
				2BCDFB9A27279E94009F5709 /* MainViewBuilder.swift */,
				2B7D7583272D199C0085760C /* CollectionViewState.swift */,
				2B88F411272E2BF3003067C9 /* MainViewDataFormatter.swift */,
			);
			path = Main;
			sourceTree = "<group>";
		};
		2BCDFB9E27279EA3009F5709 /* Scenes */ = {
			isa = PBXGroup;
			children = (
				2BCDFBF9272A51C9009F5709 /* CellDetails */,
				2BCDFB9727279E94009F5709 /* Main */,
			);
			path = Scenes;
			sourceTree = "<group>";
		};
		2BCDFB9F2727A54F009F5709 /* Utilities */ = {
			isa = PBXGroup;
			children = (
				2BCDFC28272C816F009F5709 /* LabelHelpers */,
				2BCDFC08272B9530009F5709 /* ErrorMessage */,
				2BCDFBA02727A560009F5709 /* FontManager */,
			);
			path = Utilities;
			sourceTree = "<group>";
		};
		2BCDFBA02727A560009F5709 /* FontManager */ = {
			isa = PBXGroup;
			children = (
				2BCDFBA12727A584009F5709 /* FontManager.swift */,
			);
			path = FontManager;
			sourceTree = "<group>";
		};
		2BCDFBA327283928009F5709 /* Model */ = {
			isa = PBXGroup;
			children = (
				2BCDFC0D272BA33C009F5709 /* ServiceProvider.swift */,
			);
			path = Model;
			sourceTree = "<group>";
		};
		2BCDFBA627283CE9009F5709 /* Components */ = {
			isa = PBXGroup;
			children = (
				2BCDFC11272C433C009F5709 /* ItemCollectionViewComponents */,
				2BCDFBA727283CEF009F5709 /* ItemCollectionView */,
			);
			path = Components;
			sourceTree = "<group>";
		};
		2BCDFBA727283CEF009F5709 /* ItemCollectionView */ = {
			isa = PBXGroup;
			children = (
				2BCDFBA827283D0D009F5709 /* ItemCollectionView.swift */,
				2BCDFBAA27283D34009F5709 /* ItemCollectionViewData.swift */,
				2BCDFBFC272A5F16009F5709 /* ItemCollectionProtocol.swift */,
			);
			path = ItemCollectionView;
			sourceTree = "<group>";
		};
		2BCDFBF6272A463B009F5709 /* Service */ = {
			isa = PBXGroup;
			children = (
				2BCDFBF7272A4659009F5709 /* BaseRequest.swift */,
				2BCDFBFE272B6587009F5709 /* SearchDataResponse.swift */,
			);
			path = Service;
			sourceTree = "<group>";
		};
		2BCDFBF9272A51C9009F5709 /* CellDetails */ = {
			isa = PBXGroup;
			children = (
				2BCDFBFA272A5944009F5709 /* SearchCellDetailController.swift */,
			);
			path = CellDetails;
			sourceTree = "<group>";
		};
		2BCDFC08272B9530009F5709 /* ErrorMessage */ = {
			isa = PBXGroup;
			children = (
				2BCDFC09272B9554009F5709 /* ErrorMessage.swift */,
			);
			path = ErrorMessage;
			sourceTree = "<group>";
		};
		2BCDFC11272C433C009F5709 /* ItemCollectionViewComponents */ = {
			isa = PBXGroup;
			children = (
				2BCDFC12272C438A009F5709 /* SearcViewCell.swift */,
			);
			path = ItemCollectionViewComponents;
			sourceTree = "<group>";
		};
		2BCDFC28272C816F009F5709 /* LabelHelpers */ = {
			isa = PBXGroup;
			children = (
				2BCDFC29272C8190009F5709 /* UILayoutHelpers+Extensions.swift */,
			);
			path = LabelHelpers;
			sourceTree = "<group>";
		};
/* End PBXGroup section */

/* Begin PBXNativeTarget section */
		2BCDFB49272784AB009F5709 /* HepsiBurada_CaseStudy */ = {
			isa = PBXNativeTarget;
			buildConfigurationList = 2BCDFB74272784AF009F5709 /* Build configuration list for PBXNativeTarget "HepsiBurada_CaseStudy" */;
			buildPhases = (
				2BCDFB46272784AB009F5709 /* Sources */,
				2BCDFB47272784AB009F5709 /* Frameworks */,
				2BCDFB48272784AB009F5709 /* Resources */,
			);
			buildRules = (
			);
			dependencies = (
			);
			name = HepsiBurada_CaseStudy;
			packageProductDependencies = (
				2BCDFB8127279138009F5709 /* DefaultNetworkOperationPackage */,
			);
			productName = HepsiBurada_CaseStudy;
			productReference = 2BCDFB4A272784AB009F5709 /* HepsiBurada_CaseStudy.app */;
			productType = "com.apple.product-type.application";
		};
		2BCDFB5F272784AF009F5709 /* HepsiBurada_CaseStudyTests */ = {
			isa = PBXNativeTarget;
			buildConfigurationList = 2BCDFB77272784AF009F5709 /* Build configuration list for PBXNativeTarget "HepsiBurada_CaseStudyTests" */;
			buildPhases = (
				2BCDFB5C272784AF009F5709 /* Sources */,
				2BCDFB5D272784AF009F5709 /* Frameworks */,
				2BCDFB5E272784AF009F5709 /* Resources */,
			);
			buildRules = (
			);
			dependencies = (
				2BCDFB62272784AF009F5709 /* PBXTargetDependency */,
			);
			name = HepsiBurada_CaseStudyTests;
			productName = HepsiBurada_CaseStudyTests;
			productReference = 2BCDFB60272784AF009F5709 /* HepsiBurada_CaseStudyTests.xctest */;
			productType = "com.apple.product-type.bundle.unit-test";
		};
		2BCDFB69272784AF009F5709 /* HepsiBurada_CaseStudyUITests */ = {
			isa = PBXNativeTarget;
			buildConfigurationList = 2BCDFB7A272784AF009F5709 /* Build configuration list for PBXNativeTarget "HepsiBurada_CaseStudyUITests" */;
			buildPhases = (
				2BCDFB66272784AF009F5709 /* Sources */,
				2BCDFB67272784AF009F5709 /* Frameworks */,
				2BCDFB68272784AF009F5709 /* Resources */,
			);
			buildRules = (
			);
			dependencies = (
				2BCDFB6C272784AF009F5709 /* PBXTargetDependency */,
			);
			name = HepsiBurada_CaseStudyUITests;
			productName = HepsiBurada_CaseStudyUITests;
			productReference = 2BCDFB6A272784AF009F5709 /* HepsiBurada_CaseStudyUITests.xctest */;
			productType = "com.apple.product-type.bundle.ui-testing";
		};
/* End PBXNativeTarget section */

/* Begin PBXProject section */
		2BCDFB42272784AB009F5709 /* Project object */ = {
			isa = PBXProject;
			attributes = {
				BuildIndependentTargetsInParallel = 1;
				LastSwiftUpdateCheck = 1300;
				LastUpgradeCheck = 1300;
				TargetAttributes = {
					2BCDFB49272784AB009F5709 = {
						CreatedOnToolsVersion = 13.0;
					};
					2BCDFB5F272784AF009F5709 = {
						CreatedOnToolsVersion = 13.0;
						TestTargetID = 2BCDFB49272784AB009F5709;
					};
					2BCDFB69272784AF009F5709 = {
						CreatedOnToolsVersion = 13.0;
						TestTargetID = 2BCDFB49272784AB009F5709;
					};
				};
			};
			buildConfigurationList = 2BCDFB45272784AB009F5709 /* Build configuration list for PBXProject "HepsiBurada_CaseStudy" */;
			compatibilityVersion = "Xcode 13.0";
			developmentRegion = en;
			hasScannedForEncodings = 0;
			knownRegions = (
				en,
				Base,
			);
			mainGroup = 2BCDFB41272784AB009F5709;
			packageReferences = (
				2BCDFB8027279138009F5709 /* XCRemoteSwiftPackageReference "DefaultNetworkOperationPackage" */,
			);
			productRefGroup = 2BCDFB4B272784AB009F5709 /* Products */;
			projectDirPath = "";
			projectRoot = "";
			targets = (
				2BCDFB49272784AB009F5709 /* HepsiBurada_CaseStudy */,
				2BCDFB5F272784AF009F5709 /* HepsiBurada_CaseStudyTests */,
				2BCDFB69272784AF009F5709 /* HepsiBurada_CaseStudyUITests */,
			);
		};
/* End PBXProject section */

/* Begin PBXResourcesBuildPhase section */
		2BCDFB48272784AB009F5709 /* Resources */ = {
			isa = PBXResourcesBuildPhase;
			buildActionMask = 2147483647;
			files = (
				2BCDFB5A272784AF009F5709 /* LaunchScreen.storyboard in Resources */,
				2BCDFB57272784AF009F5709 /* Assets.xcassets in Resources */,
			);
			runOnlyForDeploymentPostprocessing = 0;
		};
		2BCDFB5E272784AF009F5709 /* Resources */ = {
			isa = PBXResourcesBuildPhase;
			buildActionMask = 2147483647;
			files = (
			);
			runOnlyForDeploymentPostprocessing = 0;
		};
		2BCDFB68272784AF009F5709 /* Resources */ = {
			isa = PBXResourcesBuildPhase;
			buildActionMask = 2147483647;
			files = (
			);
			runOnlyForDeploymentPostprocessing = 0;
		};
/* End PBXResourcesBuildPhase section */

/* Begin PBXSourcesBuildPhase section */
		2BCDFB46272784AB009F5709 /* Sources */ = {
			isa = PBXSourcesBuildPhase;
			buildActionMask = 2147483647;
			files = (
				2BCDFBF8272A4659009F5709 /* BaseRequest.swift in Sources */,
				2BCDFB922727923A009F5709 /* BaseTableViewCell.swift in Sources */,
				2BCDFC2A272C8190009F5709 /* UILayoutHelpers+Extensions.swift in Sources */,
				2BCDFBA927283D0D009F5709 /* ItemCollectionView.swift in Sources */,
				2BCDFC13272C438A009F5709 /* SearcViewCell.swift in Sources */,
				2BCDFB9B27279E94009F5709 /* MainViewController.swift in Sources */,
				2B88F412272E2BF3003067C9 /* MainViewDataFormatter.swift in Sources */,
				2B88F418272EEF89003067C9 /* SegmentHelper.swift in Sources */,
				2BCDFB942727923A009F5709 /* GenericDataProtocol.swift in Sources */,
				2BCDFBFF272B6587009F5709 /* SearchDataResponse.swift in Sources */,
				2BCDFB85272791F9009F5709 /* EndpointHelper.swift in Sources */,
				2BCDFB962727923A009F5709 /* BaseView.swift in Sources */,
				2BCDFB52272784AB009F5709 /* ViewController.swift in Sources */,
				2BCDFC05272B81B0009F5709 /* ServiceRequestModel.swift in Sources */,
				2BCDFB8F2727923A009F5709 /* GenericRowType.swift in Sources */,
				2BCDFC10272BAADF009F5709 /* SearchRequest.swift in Sources */,
				2BCDFB9C27279E94009F5709 /* MainViewModel.swift in Sources */,
				2BCDFB9D27279E94009F5709 /* MainViewBuilder.swift in Sources */,
				2BCDFB952727923A009F5709 /* GenericBaseView.swift in Sources */,
				2BCDFBAB27283D34009F5709 /* ItemCollectionViewData.swift in Sources */,
				2BCDFB4E272784AB009F5709 /* AppDelegate.swift in Sources */,
				2BCDFC0E272BA33C009F5709 /* ServiceProvider.swift in Sources */,
				2BCDFB932727923A009F5709 /* BaseViewModel.swift in Sources */,
				2BCDFB50272784AB009F5709 /* SceneDelegate.swift in Sources */,
				2BCDFB912727923A009F5709 /* BaseViewController.swift in Sources */,
				2B7D7584272D199C0085760C /* CollectionViewState.swift in Sources */,
				2BCDFBA22727A584009F5709 /* FontManager.swift in Sources */,
				2BCDFBFD272A5F16009F5709 /* ItemCollectionProtocol.swift in Sources */,
				2BCDFC0A272B9554009F5709 /* ErrorMessage.swift in Sources */,
				2BCDFBFB272A5944009F5709 /* SearchCellDetailController.swift in Sources */,
				2BCDFB902727923A009F5709 /* GenericValueProtocol.swift in Sources */,
			);
			runOnlyForDeploymentPostprocessing = 0;
		};
		2BCDFB5C272784AF009F5709 /* Sources */ = {
			isa = PBXSourcesBuildPhase;
			buildActionMask = 2147483647;
			files = (
				2BCDFB65272784AF009F5709 /* HepsiBurada_CaseStudyTests.swift in Sources */,
			);
			runOnlyForDeploymentPostprocessing = 0;
		};
		2BCDFB66272784AF009F5709 /* Sources */ = {
			isa = PBXSourcesBuildPhase;
			buildActionMask = 2147483647;
			files = (
				2BCDFB6F272784AF009F5709 /* HepsiBurada_CaseStudyUITests.swift in Sources */,
				2BCDFB71272784AF009F5709 /* HepsiBurada_CaseStudyUITestsLaunchTests.swift in Sources */,
			);
			runOnlyForDeploymentPostprocessing = 0;
		};
/* End PBXSourcesBuildPhase section */

/* Begin PBXTargetDependency section */
		2BCDFB62272784AF009F5709 /* PBXTargetDependency */ = {
			isa = PBXTargetDependency;
			target = 2BCDFB49272784AB009F5709 /* HepsiBurada_CaseStudy */;
			targetProxy = 2BCDFB61272784AF009F5709 /* PBXContainerItemProxy */;
		};
		2BCDFB6C272784AF009F5709 /* PBXTargetDependency */ = {
			isa = PBXTargetDependency;
			target = 2BCDFB49272784AB009F5709 /* HepsiBurada_CaseStudy */;
			targetProxy = 2BCDFB6B272784AF009F5709 /* PBXContainerItemProxy */;
		};
/* End PBXTargetDependency section */

/* Begin PBXVariantGroup section */
		2BCDFB58272784AF009F5709 /* LaunchScreen.storyboard */ = {
			isa = PBXVariantGroup;
			children = (
				2BCDFB59272784AF009F5709 /* Base */,
			);
			name = LaunchScreen.storyboard;
			sourceTree = "<group>";
		};
/* End PBXVariantGroup section */

/* Begin XCBuildConfiguration section */
		2BCDFB72272784AF009F5709 /* Debug */ = {
			isa = XCBuildConfiguration;
			buildSettings = {
				ALWAYS_SEARCH_USER_PATHS = NO;
				CLANG_ANALYZER_NONNULL = YES;
				CLANG_ANALYZER_NUMBER_OBJECT_CONVERSION = YES_AGGRESSIVE;
				CLANG_CXX_LANGUAGE_STANDARD = "gnu++17";
				CLANG_CXX_LIBRARY = "libc++";
				CLANG_ENABLE_MODULES = YES;
				CLANG_ENABLE_OBJC_ARC = YES;
				CLANG_ENABLE_OBJC_WEAK = YES;
				CLANG_WARN_BLOCK_CAPTURE_AUTORELEASING = YES;
				CLANG_WARN_BOOL_CONVERSION = YES;
				CLANG_WARN_COMMA = YES;
				CLANG_WARN_CONSTANT_CONVERSION = YES;
				CLANG_WARN_DEPRECATED_OBJC_IMPLEMENTATIONS = YES;
				CLANG_WARN_DIRECT_OBJC_ISA_USAGE = YES_ERROR;
				CLANG_WARN_DOCUMENTATION_COMMENTS = YES;
				CLANG_WARN_EMPTY_BODY = YES;
				CLANG_WARN_ENUM_CONVERSION = YES;
				CLANG_WARN_INFINITE_RECURSION = YES;
				CLANG_WARN_INT_CONVERSION = YES;
				CLANG_WARN_NON_LITERAL_NULL_CONVERSION = YES;
				CLANG_WARN_OBJC_IMPLICIT_RETAIN_SELF = YES;
				CLANG_WARN_OBJC_LITERAL_CONVERSION = YES;
				CLANG_WARN_OBJC_ROOT_CLASS = YES_ERROR;
				CLANG_WARN_QUOTED_INCLUDE_IN_FRAMEWORK_HEADER = YES;
				CLANG_WARN_RANGE_LOOP_ANALYSIS = YES;
				CLANG_WARN_STRICT_PROTOTYPES = YES;
				CLANG_WARN_SUSPICIOUS_MOVE = YES;
				CLANG_WARN_UNGUARDED_AVAILABILITY = YES_AGGRESSIVE;
				CLANG_WARN_UNREACHABLE_CODE = YES;
				CLANG_WARN__DUPLICATE_METHOD_MATCH = YES;
				COPY_PHASE_STRIP = NO;
				DEBUG_INFORMATION_FORMAT = dwarf;
				ENABLE_STRICT_OBJC_MSGSEND = YES;
				ENABLE_TESTABILITY = YES;
				GCC_C_LANGUAGE_STANDARD = gnu11;
				GCC_DYNAMIC_NO_PIC = NO;
				GCC_NO_COMMON_BLOCKS = YES;
				GCC_OPTIMIZATION_LEVEL = 0;
				GCC_PREPROCESSOR_DEFINITIONS = (
					"DEBUG=1",
					"$(inherited)",
				);
				GCC_WARN_64_TO_32_BIT_CONVERSION = YES;
				GCC_WARN_ABOUT_RETURN_TYPE = YES_ERROR;
				GCC_WARN_UNDECLARED_SELECTOR = YES;
				GCC_WARN_UNINITIALIZED_AUTOS = YES_AGGRESSIVE;
				GCC_WARN_UNUSED_FUNCTION = YES;
				GCC_WARN_UNUSED_VARIABLE = YES;
				IPHONEOS_DEPLOYMENT_TARGET = 15.0;
				MTL_ENABLE_DEBUG_INFO = INCLUDE_SOURCE;
				MTL_FAST_MATH = YES;
				ONLY_ACTIVE_ARCH = YES;
				SDKROOT = iphoneos;
				SWIFT_ACTIVE_COMPILATION_CONDITIONS = DEBUG;
				SWIFT_OPTIMIZATION_LEVEL = "-Onone";
			};
			name = Debug;
		};
		2BCDFB73272784AF009F5709 /* Release */ = {
			isa = XCBuildConfiguration;
			buildSettings = {
				ALWAYS_SEARCH_USER_PATHS = NO;
				CLANG_ANALYZER_NONNULL = YES;
				CLANG_ANALYZER_NUMBER_OBJECT_CONVERSION = YES_AGGRESSIVE;
				CLANG_CXX_LANGUAGE_STANDARD = "gnu++17";
				CLANG_CXX_LIBRARY = "libc++";
				CLANG_ENABLE_MODULES = YES;
				CLANG_ENABLE_OBJC_ARC = YES;
				CLANG_ENABLE_OBJC_WEAK = YES;
				CLANG_WARN_BLOCK_CAPTURE_AUTORELEASING = YES;
				CLANG_WARN_BOOL_CONVERSION = YES;
				CLANG_WARN_COMMA = YES;
				CLANG_WARN_CONSTANT_CONVERSION = YES;
				CLANG_WARN_DEPRECATED_OBJC_IMPLEMENTATIONS = YES;
				CLANG_WARN_DIRECT_OBJC_ISA_USAGE = YES_ERROR;
				CLANG_WARN_DOCUMENTATION_COMMENTS = YES;
				CLANG_WARN_EMPTY_BODY = YES;
				CLANG_WARN_ENUM_CONVERSION = YES;
				CLANG_WARN_INFINITE_RECURSION = YES;
				CLANG_WARN_INT_CONVERSION = YES;
				CLANG_WARN_NON_LITERAL_NULL_CONVERSION = YES;
				CLANG_WARN_OBJC_IMPLICIT_RETAIN_SELF = YES;
				CLANG_WARN_OBJC_LITERAL_CONVERSION = YES;
				CLANG_WARN_OBJC_ROOT_CLASS = YES_ERROR;
				CLANG_WARN_QUOTED_INCLUDE_IN_FRAMEWORK_HEADER = YES;
				CLANG_WARN_RANGE_LOOP_ANALYSIS = YES;
				CLANG_WARN_STRICT_PROTOTYPES = YES;
				CLANG_WARN_SUSPICIOUS_MOVE = YES;
				CLANG_WARN_UNGUARDED_AVAILABILITY = YES_AGGRESSIVE;
				CLANG_WARN_UNREACHABLE_CODE = YES;
				CLANG_WARN__DUPLICATE_METHOD_MATCH = YES;
				COPY_PHASE_STRIP = NO;
				DEBUG_INFORMATION_FORMAT = "dwarf-with-dsym";
				ENABLE_NS_ASSERTIONS = NO;
				ENABLE_STRICT_OBJC_MSGSEND = YES;
				GCC_C_LANGUAGE_STANDARD = gnu11;
				GCC_NO_COMMON_BLOCKS = YES;
				GCC_WARN_64_TO_32_BIT_CONVERSION = YES;
				GCC_WARN_ABOUT_RETURN_TYPE = YES_ERROR;
				GCC_WARN_UNDECLARED_SELECTOR = YES;
				GCC_WARN_UNINITIALIZED_AUTOS = YES_AGGRESSIVE;
				GCC_WARN_UNUSED_FUNCTION = YES;
				GCC_WARN_UNUSED_VARIABLE = YES;
				IPHONEOS_DEPLOYMENT_TARGET = 15.0;
				MTL_ENABLE_DEBUG_INFO = NO;
				MTL_FAST_MATH = YES;
				SDKROOT = iphoneos;
				SWIFT_COMPILATION_MODE = wholemodule;
				SWIFT_OPTIMIZATION_LEVEL = "-O";
				VALIDATE_PRODUCT = YES;
			};
			name = Release;
		};
		2BCDFB75272784AF009F5709 /* Debug */ = {
			isa = XCBuildConfiguration;
			buildSettings = {
				ASSETCATALOG_COMPILER_APPICON_NAME = AppIcon;
				ASSETCATALOG_COMPILER_GLOBAL_ACCENT_COLOR_NAME = AccentColor;
				CODE_SIGN_STYLE = Automatic;
				CURRENT_PROJECT_VERSION = 1;
				DEVELOPMENT_TEAM = HWG6WB2J76;
				GENERATE_INFOPLIST_FILE = YES;
				INFOPLIST_FILE = HepsiBurada_CaseStudy/Info.plist;
				INFOPLIST_KEY_UIApplicationSupportsIndirectInputEvents = YES;
				INFOPLIST_KEY_UILaunchStoryboardName = LaunchScreen;
				INFOPLIST_KEY_UISupportedInterfaceOrientations_iPad = "UIInterfaceOrientationPortrait UIInterfaceOrientationPortraitUpsideDown UIInterfaceOrientationLandscapeLeft UIInterfaceOrientationLandscapeRight";
				INFOPLIST_KEY_UISupportedInterfaceOrientations_iPhone = "UIInterfaceOrientationPortrait UIInterfaceOrientationLandscapeLeft UIInterfaceOrientationLandscapeRight";
				LD_RUNPATH_SEARCH_PATHS = (
					"$(inherited)",
					"@executable_path/Frameworks",
				);
				MARKETING_VERSION = 1.0;
				PRODUCT_BUNDLE_IDENTIFIER = "com.MustafaGrgun.HepsiBurada-CaseStudy";
				PRODUCT_NAME = "$(TARGET_NAME)";
				SWIFT_EMIT_LOC_STRINGS = YES;
				SWIFT_VERSION = 5.0;
				TARGETED_DEVICE_FAMILY = "1,2";
			};
			name = Debug;
		};
		2BCDFB76272784AF009F5709 /* Release */ = {
			isa = XCBuildConfiguration;
			buildSettings = {
				ASSETCATALOG_COMPILER_APPICON_NAME = AppIcon;
				ASSETCATALOG_COMPILER_GLOBAL_ACCENT_COLOR_NAME = AccentColor;
				CODE_SIGN_STYLE = Automatic;
				CURRENT_PROJECT_VERSION = 1;
				DEVELOPMENT_TEAM = HWG6WB2J76;
				GENERATE_INFOPLIST_FILE = YES;
				INFOPLIST_FILE = HepsiBurada_CaseStudy/Info.plist;
				INFOPLIST_KEY_UIApplicationSupportsIndirectInputEvents = YES;
				INFOPLIST_KEY_UILaunchStoryboardName = LaunchScreen;
				INFOPLIST_KEY_UISupportedInterfaceOrientations_iPad = "UIInterfaceOrientationPortrait UIInterfaceOrientationPortraitUpsideDown UIInterfaceOrientationLandscapeLeft UIInterfaceOrientationLandscapeRight";
				INFOPLIST_KEY_UISupportedInterfaceOrientations_iPhone = "UIInterfaceOrientationPortrait UIInterfaceOrientationLandscapeLeft UIInterfaceOrientationLandscapeRight";
				LD_RUNPATH_SEARCH_PATHS = (
					"$(inherited)",
					"@executable_path/Frameworks",
				);
				MARKETING_VERSION = 1.0;
				PRODUCT_BUNDLE_IDENTIFIER = "com.MustafaGrgun.HepsiBurada-CaseStudy";
				PRODUCT_NAME = "$(TARGET_NAME)";
				SWIFT_EMIT_LOC_STRINGS = YES;
				SWIFT_VERSION = 5.0;
				TARGETED_DEVICE_FAMILY = "1,2";
			};
			name = Release;
		};
		2BCDFB78272784AF009F5709 /* Debug */ = {
			isa = XCBuildConfiguration;
			buildSettings = {
				ALWAYS_EMBED_SWIFT_STANDARD_LIBRARIES = YES;
				BUNDLE_LOADER = "$(TEST_HOST)";
				CODE_SIGN_STYLE = Automatic;
				CURRENT_PROJECT_VERSION = 1;
				DEVELOPMENT_TEAM = HWG6WB2J76;
				GENERATE_INFOPLIST_FILE = YES;
				IPHONEOS_DEPLOYMENT_TARGET = 15.0;
				LD_RUNPATH_SEARCH_PATHS = (
					"$(inherited)",
					"@executable_path/Frameworks",
					"@loader_path/Frameworks",
				);
				MARKETING_VERSION = 1.0;
				PRODUCT_BUNDLE_IDENTIFIER = "com.MustafaGrgun.HepsiBurada-CaseStudyTests";
				PRODUCT_NAME = "$(TARGET_NAME)";
				SWIFT_EMIT_LOC_STRINGS = NO;
				SWIFT_VERSION = 5.0;
				TARGETED_DEVICE_FAMILY = "1,2";
				TEST_HOST = "$(BUILT_PRODUCTS_DIR)/HepsiBurada_CaseStudy.app/HepsiBurada_CaseStudy";
			};
			name = Debug;
		};
		2BCDFB79272784AF009F5709 /* Release */ = {
			isa = XCBuildConfiguration;
			buildSettings = {
				ALWAYS_EMBED_SWIFT_STANDARD_LIBRARIES = YES;
				BUNDLE_LOADER = "$(TEST_HOST)";
				CODE_SIGN_STYLE = Automatic;
				CURRENT_PROJECT_VERSION = 1;
				DEVELOPMENT_TEAM = HWG6WB2J76;
				GENERATE_INFOPLIST_FILE = YES;
				IPHONEOS_DEPLOYMENT_TARGET = 15.0;
				LD_RUNPATH_SEARCH_PATHS = (
					"$(inherited)",
					"@executable_path/Frameworks",
					"@loader_path/Frameworks",
				);
				MARKETING_VERSION = 1.0;
				PRODUCT_BUNDLE_IDENTIFIER = "com.MustafaGrgun.HepsiBurada-CaseStudyTests";
				PRODUCT_NAME = "$(TARGET_NAME)";
				SWIFT_EMIT_LOC_STRINGS = NO;
				SWIFT_VERSION = 5.0;
				TARGETED_DEVICE_FAMILY = "1,2";
				TEST_HOST = "$(BUILT_PRODUCTS_DIR)/HepsiBurada_CaseStudy.app/HepsiBurada_CaseStudy";
			};
			name = Release;
		};
		2BCDFB7B272784AF009F5709 /* Debug */ = {
			isa = XCBuildConfiguration;
			buildSettings = {
				ALWAYS_EMBED_SWIFT_STANDARD_LIBRARIES = YES;
				CODE_SIGN_STYLE = Automatic;
				CURRENT_PROJECT_VERSION = 1;
				DEVELOPMENT_TEAM = HWG6WB2J76;
				GENERATE_INFOPLIST_FILE = YES;
				LD_RUNPATH_SEARCH_PATHS = (
					"$(inherited)",
					"@executable_path/Frameworks",
					"@loader_path/Frameworks",
				);
				MARKETING_VERSION = 1.0;
				PRODUCT_BUNDLE_IDENTIFIER = "com.MustafaGrgun.HepsiBurada-CaseStudyUITests";
				PRODUCT_NAME = "$(TARGET_NAME)";
				SWIFT_EMIT_LOC_STRINGS = NO;
				SWIFT_VERSION = 5.0;
				TARGETED_DEVICE_FAMILY = "1,2";
				TEST_TARGET_NAME = HepsiBurada_CaseStudy;
			};
			name = Debug;
		};
		2BCDFB7C272784AF009F5709 /* Release */ = {
			isa = XCBuildConfiguration;
			buildSettings = {
				ALWAYS_EMBED_SWIFT_STANDARD_LIBRARIES = YES;
				CODE_SIGN_STYLE = Automatic;
				CURRENT_PROJECT_VERSION = 1;
				DEVELOPMENT_TEAM = HWG6WB2J76;
				GENERATE_INFOPLIST_FILE = YES;
				LD_RUNPATH_SEARCH_PATHS = (
					"$(inherited)",
					"@executable_path/Frameworks",
					"@loader_path/Frameworks",
				);
				MARKETING_VERSION = 1.0;
				PRODUCT_BUNDLE_IDENTIFIER = "com.MustafaGrgun.HepsiBurada-CaseStudyUITests";
				PRODUCT_NAME = "$(TARGET_NAME)";
				SWIFT_EMIT_LOC_STRINGS = NO;
				SWIFT_VERSION = 5.0;
				TARGETED_DEVICE_FAMILY = "1,2";
				TEST_TARGET_NAME = HepsiBurada_CaseStudy;
			};
			name = Release;
		};
/* End XCBuildConfiguration section */

/* Begin XCConfigurationList section */
		2BCDFB45272784AB009F5709 /* Build configuration list for PBXProject "HepsiBurada_CaseStudy" */ = {
			isa = XCConfigurationList;
			buildConfigurations = (
				2BCDFB72272784AF009F5709 /* Debug */,
				2BCDFB73272784AF009F5709 /* Release */,
			);
			defaultConfigurationIsVisible = 0;
			defaultConfigurationName = Release;
		};
		2BCDFB74272784AF009F5709 /* Build configuration list for PBXNativeTarget "HepsiBurada_CaseStudy" */ = {
			isa = XCConfigurationList;
			buildConfigurations = (
				2BCDFB75272784AF009F5709 /* Debug */,
				2BCDFB76272784AF009F5709 /* Release */,
			);
			defaultConfigurationIsVisible = 0;
			defaultConfigurationName = Release;
		};
		2BCDFB77272784AF009F5709 /* Build configuration list for PBXNativeTarget "HepsiBurada_CaseStudyTests" */ = {
			isa = XCConfigurationList;
			buildConfigurations = (
				2BCDFB78272784AF009F5709 /* Debug */,
				2BCDFB79272784AF009F5709 /* Release */,
			);
			defaultConfigurationIsVisible = 0;
			defaultConfigurationName = Release;
		};
		2BCDFB7A272784AF009F5709 /* Build configuration list for PBXNativeTarget "HepsiBurada_CaseStudyUITests" */ = {
			isa = XCConfigurationList;
			buildConfigurations = (
				2BCDFB7B272784AF009F5709 /* Debug */,
				2BCDFB7C272784AF009F5709 /* Release */,
			);
			defaultConfigurationIsVisible = 0;
			defaultConfigurationName = Release;
		};
/* End XCConfigurationList section */

/* Begin XCRemoteSwiftPackageReference section */
		2BCDFB8027279138009F5709 /* XCRemoteSwiftPackageReference "DefaultNetworkOperationPackage" */ = {
			isa = XCRemoteSwiftPackageReference;
			repositoryURL = "https://github.com/erkutbas/DefaultNetworkOperationPackage.git";
			requirement = {
				branch = main;
				kind = branch;
			};
		};
/* End XCRemoteSwiftPackageReference section */

/* Begin XCSwiftPackageProductDependency section */
		2BCDFB8127279138009F5709 /* DefaultNetworkOperationPackage */ = {
			isa = XCSwiftPackageProductDependency;
			package = 2BCDFB8027279138009F5709 /* XCRemoteSwiftPackageReference "DefaultNetworkOperationPackage" */;
			productName = DefaultNetworkOperationPackage;
		};
/* End XCSwiftPackageProductDependency section */
	};
	rootObject = 2BCDFB42272784AB009F5709 /* Project object */;
}
